
Microsoft Visual Studio Solution File, Format Version 12.00
# Visual Studio Version 16
VisualStudioVersion = 16.0.29728.190
MinimumVisualStudioVersion = 10.0.40219.1
Project("{9A19103F-16F7-4668-BE54-9A1E7A4F7556}") = "Papiku", "Papiku\Papiku.csproj", "{2CE86901-2C8B-47B3-80CC-EFC96079826E}"
EndProject
Project("{FAE04EC0-301F-11D3-BF4B-00C04F79EFBC}") = "ASPapi", "ASPapi\ASPapi.csproj", "{0B2E67E0-0EF3-4453-838D-1627D2A7CDE0}"
EndProject
Global
	GlobalSection(SolutionConfigurationPlatforms) = preSolution
		Debug|Any CPU = Debug|Any CPU
		Release|Any CPU = Release|Any CPU
	EndGlobalSection
	GlobalSection(ProjectConfigurationPlatforms) = postSolution
		{2CE86901-2C8B-47B3-80CC-EFC96079826E}.Debug|Any CPU.ActiveCfg = Debug|Any CPU
		{2CE86901-2C8B-47B3-80CC-EFC96079826E}.Debug|Any CPU.Build.0 = Debug|Any CPU
		{2CE86901-2C8B-47B3-80CC-EFC96079826E}.Release|Any CPU.ActiveCfg = Release|Any CPU
		{2CE86901-2C8B-47B3-80CC-EFC96079826E}.Release|Any CPU.Build.0 = Release|Any CPU
		{0B2E67E0-0EF3-4453-838D-1627D2A7CDE0}.Debug|Any CPU.ActiveCfg = Debug|Any CPU
		{0B2E67E0-0EF3-4453-838D-1627D2A7CDE0}.Debug|Any CPU.Build.0 = Debug|Any CPU
		{0B2E67E0-0EF3-4453-838D-1627D2A7CDE0}.Release|Any CPU.ActiveCfg = Release|Any CPU
		{0B2E67E0-0EF3-4453-838D-1627D2A7CDE0}.Release|Any CPU.Build.0 = Release|Any CPU
	EndGlobalSection
	GlobalSection(SolutionProperties) = preSolution
		HideSolutionNode = FALSE
	EndGlobalSection
	GlobalSection(ExtensibilityGlobals) = postSolution
		SolutionGuid = {1F39912B-94F7-47C9-A0FB-4D669798F740}
	EndGlobalSection
EndGlobal
